
Microsoft Visual Studio Solution File, Format Version 12.00
# Visual Studio Version 16
VisualStudioVersion = 16.0.29613.14
MinimumVisualStudioVersion = 10.0.40219.1
Project("{FAE04EC0-301F-11D3-BF4B-00C04F79EFBC}") = "KasiopeaPocty", "KasiopeaPocty\KasiopeaPocty.csproj", "{C9B962DC-D72D-4219-8CDC-F56C38AC7808}"
EndProject
Global
	GlobalSection(SolutionConfigurationPlatforms) = preSolution
		Debug|Any CPU = Debug|Any CPU
		Release|Any CPU = Release|Any CPU
	EndGlobalSection
	GlobalSection(ProjectConfigurationPlatforms) = postSolution
		{C9B962DC-D72D-4219-8CDC-F56C38AC7808}.Debug|Any CPU.ActiveCfg = Debug|Any CPU
		{C9B962DC-D72D-4219-8CDC-F56C38AC7808}.Debug|Any CPU.Build.0 = Debug|Any CPU
		{C9B962DC-D72D-4219-8CDC-F56C38AC7808}.Release|Any CPU.ActiveCfg = Release|Any CPU
		{C9B962DC-D72D-4219-8CDC-F56C38AC7808}.Release|Any CPU.Build.0 = Release|Any CPU
	EndGlobalSection
	GlobalSection(SolutionProperties) = preSolution
		HideSolutionNode = FALSE
	EndGlobalSection
	GlobalSection(ExtensibilityGlobals) = postSolution
		SolutionGuid = {58FE4833-C92A-4579-A408-F95065A4A6DA}
	EndGlobalSection
EndGlobal
